# THIS IS AN AUTOGENERATED FILE. DO NOT EDIT THIS FILE DIRECTLY.
# yarn lockfile v1


"@prisma/client@./prisma-client-2.0.0-alpha.567.tgz":
  version "2.0.0-alpha.567"
  resolved "./prisma-client-2.0.0-alpha.567.tgz#70b8d4b841f6c9119413e64ccdd5b931f2d3e4ac"

dotenv@^8.2.0:
  version "8.2.0"
  resolved "https://registry.yarnpkg.com/dotenv/-/dotenv-8.2.0.tgz#97e619259ada750eea3e4ea3e26bceea5424b16a"
  integrity sha512-8sJ78ElpbDJBHNeBzUbUVLsqKdccaa/BXF1uPTw3GrvQTBgrQrtObr2mUrE38vzYd8cEv+m/JBfDLioYcfXoaw==

prisma2@2.0.0-alpha.583:
  version "2.0.0-alpha.583"
  resolved "https://registry.yarnpkg.com/prisma2/-/prisma2-2.0.0-alpha.583.tgz#c74d7d8d55892a18fa084f987b0b7b2681a6e38c"
  integrity sha512-GwG0WC8JHk3tQga0qUasrDiJ2HCovpSvj5DCzGPT+8fXDbF4+V4sdq4GB70KXDTpgSP/CLIYLT/+zX8b+mhApg==
